
Microsoft Visual Studio Solution File, Format Version 12.00
# Visual Studio Version 17
VisualStudioVersion = 17.6.33723.286
MinimumVisualStudioVersion = 10.0.40219.1
Project("{FAE04EC0-301F-11D3-BF4B-00C04F79EFBC}") = "CleanArchitecture.API", "CleanArchitecture.API\CleanArchitecture.API.csproj", "{0B492436-74BB-4C79-B4ED-239A8201FA07}"
EndProject
Project("{FAE04EC0-301F-11D3-BF4B-00C04F79EFBC}") = "CleanArchitecture.Domain", "CleanArchitecture.Domain\CleanArchitecture.Domain.csproj", "{1C02B447-4DB7-4F14-BC0C-2ACA5DC1722A}"
EndProject
Project("{FAE04EC0-301F-11D3-BF4B-00C04F79EFBC}") = "CleanArchitecture.Application", "CleanArchitecture.Application\CleanArchitecture.Application.csproj", "{D7B7ADC5-91AC-4355-AEBC-4F34B5163CFC}"
EndProject
Project("{FAE04EC0-301F-11D3-BF4B-00C04F79EFBC}") = "CleanArchitecture.Infrastructure", "CleanArchitecture.Infrastructure\CleanArchitecture.Infrastructure.csproj", "{7DE34E88-421F-490F-BBEF-7BDF694D8CCA}"
EndProject
Global
	GlobalSection(SolutionConfigurationPlatforms) = preSolution
		Debug|Any CPU = Debug|Any CPU
		Release|Any CPU = Release|Any CPU
	EndGlobalSection
	GlobalSection(ProjectConfigurationPlatforms) = postSolution
		{0B492436-74BB-4C79-B4ED-239A8201FA07}.Debug|Any CPU.ActiveCfg = Debug|Any CPU
		{0B492436-74BB-4C79-B4ED-239A8201FA07}.Debug|Any CPU.Build.0 = Debug|Any CPU
		{0B492436-74BB-4C79-B4ED-239A8201FA07}.Release|Any CPU.ActiveCfg = Release|Any CPU
		{0B492436-74BB-4C79-B4ED-239A8201FA07}.Release|Any CPU.Build.0 = Release|Any CPU
		{1C02B447-4DB7-4F14-BC0C-2ACA5DC1722A}.Debug|Any CPU.ActiveCfg = Debug|Any CPU
		{1C02B447-4DB7-4F14-BC0C-2ACA5DC1722A}.Debug|Any CPU.Build.0 = Debug|Any CPU
		{1C02B447-4DB7-4F14-BC0C-2ACA5DC1722A}.Release|Any CPU.ActiveCfg = Release|Any CPU
		{1C02B447-4DB7-4F14-BC0C-2ACA5DC1722A}.Release|Any CPU.Build.0 = Release|Any CPU
		{D7B7ADC5-91AC-4355-AEBC-4F34B5163CFC}.Debug|Any CPU.ActiveCfg = Debug|Any CPU
		{D7B7ADC5-91AC-4355-AEBC-4F34B5163CFC}.Debug|Any CPU.Build.0 = Debug|Any CPU
		{D7B7ADC5-91AC-4355-AEBC-4F34B5163CFC}.Release|Any CPU.ActiveCfg = Release|Any CPU
		{D7B7ADC5-91AC-4355-AEBC-4F34B5163CFC}.Release|Any CPU.Build.0 = Release|Any CPU
		{7DE34E88-421F-490F-BBEF-7BDF694D8CCA}.Debug|Any CPU.ActiveCfg = Debug|Any CPU
		{7DE34E88-421F-490F-BBEF-7BDF694D8CCA}.Debug|Any CPU.Build.0 = Debug|Any CPU
		{7DE34E88-421F-490F-BBEF-7BDF694D8CCA}.Release|Any CPU.ActiveCfg = Release|Any CPU
		{7DE34E88-421F-490F-BBEF-7BDF694D8CCA}.Release|Any CPU.Build.0 = Release|Any CPU
	EndGlobalSection
	GlobalSection(SolutionProperties) = preSolution
		HideSolutionNode = FALSE
	EndGlobalSection
	GlobalSection(ExtensibilityGlobals) = postSolution
		SolutionGuid = {5E06BCB1-9782-4EB7-AF3D-6B1166863EC6}
	EndGlobalSection
EndGlobal
